{
  "name": "notas-app",
  "version": "1.0.0",
  "lockfileVersion": 2,
  "requires": true,
  "packages": {
    "": {
      "name": "notas-app",
      "version": "1.0.0",
      "license": "MIT",
      "devDependencies": {
        "@capacitor/android": "^5.7.0",
        "@capacitor/cli": "^5.7.0",
        "@capacitor/core": "^5.7.0",
        "serve": "^14.2.4"
      }
    },
    "node_modules/@capacitor/android": {
      "version": "5.7.0",
      "resolved": "https://registry.npmjs.org/@capacitor/android/-/android-5.7.0.tgz",
      "integrity": "sha512-... (integrity hash)"
    },
    "node_modules/@capacitor/cli": {
      "version": "5.7.0",
      "resolved": "https://registry.npmjs.org/@capacitor/cli/-/cli-5.7.0.tgz",
      "integrity": "sha512-... (integrity hash)",
      "bin": {
        "cap": "bin/cap"
      }
    },
    "node_modules/@capacitor/core": {
      "version": "5.7.0",
      "resolved": "https://registry.npmjs.org/@capacitor/core/-/core-5.7.0.tgz",
      "integrity": "sha512-... (integrity hash)"
    },
    "node_modules/serve": {
      "version": "14.2.4",
      "resolved": "https://registry.npmjs.org/serve/-/serve-14.2.4.tgz",
      "integrity": "sha512-... (integrity hash)",
      "bin": {
        "serve": "bin/serve.js"
      }
    }
  }
}
